
Microsoft Visual Studio Solution File, Format Version 12.00
# Visual Studio Version 16
VisualStudioVersion = 16.0.31729.503
MinimumVisualStudioVersion = 10.0.40219.1
Project("{9A19103F-16F7-4668-BE54-9A1E7A4F7556}") = "BankProject", "BankProject.csproj", "{5A38F7C3-8911-4188-B8A6-3E27E5F73D04}"
EndProject
Project("{9A19103F-16F7-4668-BE54-9A1E7A4F7556}") = "tests", "..\tests\tests.csproj", "{28C9A884-7663-404D-B8BC-36E58169859F}"
EndProject
Global
	GlobalSection(SolutionConfigurationPlatforms) = preSolution
		Debug|Any CPU = Debug|Any CPU
		Release|Any CPU = Release|Any CPU
	EndGlobalSection
	GlobalSection(ProjectConfigurationPlatforms) = postSolution
		{5A38F7C3-8911-4188-B8A6-3E27E5F73D04}.Debug|Any CPU.ActiveCfg = Debug|Any CPU
		{5A38F7C3-8911-4188-B8A6-3E27E5F73D04}.Debug|Any CPU.Build.0 = Debug|Any CPU
		{5A38F7C3-8911-4188-B8A6-3E27E5F73D04}.Release|Any CPU.ActiveCfg = Release|Any CPU
		{5A38F7C3-8911-4188-B8A6-3E27E5F73D04}.Release|Any CPU.Build.0 = Release|Any CPU
		{28C9A884-7663-404D-B8BC-36E58169859F}.Debug|Any CPU.ActiveCfg = Debug|Any CPU
		{28C9A884-7663-404D-B8BC-36E58169859F}.Debug|Any CPU.Build.0 = Debug|Any CPU
		{28C9A884-7663-404D-B8BC-36E58169859F}.Release|Any CPU.ActiveCfg = Release|Any CPU
		{28C9A884-7663-404D-B8BC-36E58169859F}.Release|Any CPU.Build.0 = Release|Any CPU
	EndGlobalSection
	GlobalSection(SolutionProperties) = preSolution
		HideSolutionNode = FALSE
	EndGlobalSection
	GlobalSection(ExtensibilityGlobals) = postSolution
		SolutionGuid = {BEE4FC9C-B8FD-4E4E-AC44-3C5C3AC85A19}
	EndGlobalSection
EndGlobal
